
Microsoft Visual Studio Solution File, Format Version 12.00
# Visual Studio Version 16
VisualStudioVersion = 16.0.31729.503
MinimumVisualStudioVersion = 10.0.40219.1
Project("{FAE04EC0-301F-11D3-BF4B-00C04F79EFBC}") = "homework-2", "homework-2\homework-2.csproj", "{4FAB75B6-E6D5-47BF-8A47-5BC53A27E7BE}"
EndProject
Global
	GlobalSection(SolutionConfigurationPlatforms) = preSolution
		Debug|Any CPU = Debug|Any CPU
		Release|Any CPU = Release|Any CPU
	EndGlobalSection
	GlobalSection(ProjectConfigurationPlatforms) = postSolution
		{4FAB75B6-E6D5-47BF-8A47-5BC53A27E7BE}.Debug|Any CPU.ActiveCfg = Debug|Any CPU
		{4FAB75B6-E6D5-47BF-8A47-5BC53A27E7BE}.Debug|Any CPU.Build.0 = Debug|Any CPU
		{4FAB75B6-E6D5-47BF-8A47-5BC53A27E7BE}.Release|Any CPU.ActiveCfg = Release|Any CPU
		{4FAB75B6-E6D5-47BF-8A47-5BC53A27E7BE}.Release|Any CPU.Build.0 = Release|Any CPU
	EndGlobalSection
	GlobalSection(SolutionProperties) = preSolution
		HideSolutionNode = FALSE
	EndGlobalSection
	GlobalSection(ExtensibilityGlobals) = postSolution
		SolutionGuid = {76DD1B7B-BD6C-4CEF-BEF8-64E39F6800DD}
	EndGlobalSection
EndGlobal
